
Microsoft Visual Studio Solution File, Format Version 12.00
# Visual Studio Version 17
VisualStudioVersion = 17.7.33711.374
MinimumVisualStudioVersion = 10.0.40219.1
Project("{FAE04EC0-301F-11D3-BF4B-00C04F79EFBC}") = "MyFms", "MyFms.csproj", "{E2034100-0F7D-4EEE-91CF-614F71D07F4C}"
EndProject
Global
	GlobalSection(SolutionConfigurationPlatforms) = preSolution
		Debug|Any CPU = Debug|Any CPU
		Release|Any CPU = Release|Any CPU
	EndGlobalSection
	GlobalSection(ProjectConfigurationPlatforms) = postSolution
		{E2034100-0F7D-4EEE-91CF-614F71D07F4C}.Debug|Any CPU.ActiveCfg = Debug|Any CPU
		{E2034100-0F7D-4EEE-91CF-614F71D07F4C}.Debug|Any CPU.Build.0 = Debug|Any CPU
		{E2034100-0F7D-4EEE-91CF-614F71D07F4C}.Release|Any CPU.ActiveCfg = Release|Any CPU
		{E2034100-0F7D-4EEE-91CF-614F71D07F4C}.Release|Any CPU.Build.0 = Release|Any CPU
	EndGlobalSection
	GlobalSection(SolutionProperties) = preSolution
		HideSolutionNode = FALSE
	EndGlobalSection
	GlobalSection(ExtensibilityGlobals) = postSolution
		SolutionGuid = {B29FA444-9133-4D1D-BDBF-7D5B71C4B8D9}
	EndGlobalSection
EndGlobal
