
Microsoft Visual Studio Solution File, Format Version 12.00
# Visual Studio Version 17
VisualStudioVersion = 17.7.33711.374
MinimumVisualStudioVersion = 10.0.40219.1
Project("{9A19103F-16F7-4668-BE54-9A1E7A4F7556}") = "MyFms.App", "src\MyFms.App\MyFms.App.csproj", "{95F8D9ED-98BA-4DE1-93FF-D99CEE43FDFF}"
EndProject
Project("{9A19103F-16F7-4668-BE54-9A1E7A4F7556}") = "MyFms.Domain", "src\MyFms.Domain\MyFms.Domain.csproj", "{C5FB64A4-9390-4475-91B5-35E5FBE9FF2D}"
EndProject
Project("{9A19103F-16F7-4668-BE54-9A1E7A4F7556}") = "MyFms.Application", "src\MyFms.Application\MyFms.Application.csproj", "{D07E0C43-F3FB-4682-8F0A-C706B0BFB692}"
EndProject
Project("{FAE04EC0-301F-11D3-BF4B-00C04F79EFBC}") = "MyFms.Infrastructure", "src\MyFms.Infrastructure\MyFms.Infrastructure.csproj", "{6F4B9C56-D9DE-4709-8FE6-E0DD40340952}"
EndProject
Global
	GlobalSection(SolutionConfigurationPlatforms) = preSolution
		Debug|Any CPU = Debug|Any CPU
		Release|Any CPU = Release|Any CPU
	EndGlobalSection
	GlobalSection(ProjectConfigurationPlatforms) = postSolution
		{95F8D9ED-98BA-4DE1-93FF-D99CEE43FDFF}.Debug|Any CPU.ActiveCfg = Debug|Any CPU
		{95F8D9ED-98BA-4DE1-93FF-D99CEE43FDFF}.Debug|Any CPU.Build.0 = Debug|Any CPU
		{95F8D9ED-98BA-4DE1-93FF-D99CEE43FDFF}.Release|Any CPU.ActiveCfg = Release|Any CPU
		{95F8D9ED-98BA-4DE1-93FF-D99CEE43FDFF}.Release|Any CPU.Build.0 = Release|Any CPU
		{C5FB64A4-9390-4475-91B5-35E5FBE9FF2D}.Debug|Any CPU.ActiveCfg = Debug|Any CPU
		{C5FB64A4-9390-4475-91B5-35E5FBE9FF2D}.Debug|Any CPU.Build.0 = Debug|Any CPU
		{C5FB64A4-9390-4475-91B5-35E5FBE9FF2D}.Release|Any CPU.ActiveCfg = Release|Any CPU
		{C5FB64A4-9390-4475-91B5-35E5FBE9FF2D}.Release|Any CPU.Build.0 = Release|Any CPU
		{D07E0C43-F3FB-4682-8F0A-C706B0BFB692}.Debug|Any CPU.ActiveCfg = Debug|Any CPU
		{D07E0C43-F3FB-4682-8F0A-C706B0BFB692}.Debug|Any CPU.Build.0 = Debug|Any CPU
		{D07E0C43-F3FB-4682-8F0A-C706B0BFB692}.Release|Any CPU.ActiveCfg = Release|Any CPU
		{D07E0C43-F3FB-4682-8F0A-C706B0BFB692}.Release|Any CPU.Build.0 = Release|Any CPU
		{6F4B9C56-D9DE-4709-8FE6-E0DD40340952}.Debug|Any CPU.ActiveCfg = Debug|Any CPU
		{6F4B9C56-D9DE-4709-8FE6-E0DD40340952}.Debug|Any CPU.Build.0 = Debug|Any CPU
		{6F4B9C56-D9DE-4709-8FE6-E0DD40340952}.Release|Any CPU.ActiveCfg = Release|Any CPU
		{6F4B9C56-D9DE-4709-8FE6-E0DD40340952}.Release|Any CPU.Build.0 = Release|Any CPU
	EndGlobalSection
	GlobalSection(SolutionProperties) = preSolution
		HideSolutionNode = FALSE
	EndGlobalSection
	GlobalSection(ExtensibilityGlobals) = postSolution
		SolutionGuid = {B29FA444-9133-4D1D-BDBF-7D5B71C4B8D9}
	EndGlobalSection
EndGlobal
